# THIS IS AN AUTOGENERATED FILE. DO NOT EDIT THIS FILE DIRECTLY.
# yarn lockfile v1


abort-controller-x@^0.4.0:
  version "0.4.1"
  resolved "https://registry.yarnpkg.com/abort-controller-x/-/abort-controller-x-0.4.1.tgz#b2eefab8503897e0bbdf3dd7a4d33e05ea1ffce9"
  integrity sha512-lJ2ssrl3FoTK3cX/g15lRCkXFWKiwRTRtBjfwounO2EM/Q65rI/MEZsfsch1juWU2pH2aLSaq0HGowlDP/imrw==

isomorphic-ws@^5.0.0:
  version "5.0.0"
  resolved "https://registry.yarnpkg.com/isomorphic-ws/-/isomorphic-ws-5.0.0.tgz#e5529148912ecb9b451b46ed44d53dae1ce04bbf"
  integrity sha512-muId7Zzn9ywDsyXgTIafTry2sV3nySZeUDe6YedVd1Hvuuep5AsIlqK+XefWpYTyJG5e503F2xIuT2lcU6rCSw==

js-base64@^3.7.2:
  version "3.7.5"
  resolved "https://registry.yarnpkg.com/js-base64/-/js-base64-3.7.5.tgz#21e24cf6b886f76d6f5f165bfcd69cc55b9e3fca"
  integrity sha512-3MEt5DTINKqfScXKfJFrRbxkrnk2AxPWGBL/ycjz4dK8iqiSJ06UxD8jh8xuh6p10TX4t2+7FsBYVxxQbMg+qA==

nice-grpc-common@^2.0.1:
  version "2.0.1"
  resolved "https://registry.yarnpkg.com/nice-grpc-common/-/nice-grpc-common-2.0.1.tgz#2291d3d9c321eb9829a48d6e1c061b29363bc283"
  integrity sha512-QbQ8nAALQagN4VukmTGwEWKzVtgQr3YwWP9okIzoMCmx0mLTswBFpyOUbKlG4cOm7NDaIFmbmtleQR9EWmNtrw==
  dependencies:
    ts-error "^1.0.6"

nice-grpc-web@^3.1.0:
  version "3.1.0"
  resolved "https://registry.yarnpkg.com/nice-grpc-web/-/nice-grpc-web-3.1.0.tgz#8df65354ffa2674c32e9c7643ed79153f754cd7a"
  integrity sha512-X4c48DbK5HcHt51EeCKUTZdstfNQ9MfkZ7qyJ6qVD6l3Vkt/Zc/a7EcAjSx4Xt8TmGtFs+YkJi/wJUpJ+Bv1ow==
  dependencies:
    abort-controller-x "^0.4.0"
    isomorphic-ws "^5.0.0"
    js-base64 "^3.7.2"
    nice-grpc-common "^2.0.1"

ts-error@^1.0.6:
  version "1.0.6"
  resolved "https://registry.yarnpkg.com/ts-error/-/ts-error-1.0.6.tgz#277496f2a28de6c184cfce8dfd5cdd03a4e6b0fc"
  integrity sha512-tLJxacIQUM82IR7JO1UUkKlYuUTmoY9HBJAmNWFzheSlDS5SPMcNIepejHJa4BpPQLAcbRhRf3GDJzyj6rbKvA==
